
Microsoft Visual Studio Solution File, Format Version 12.00
# Visual Studio Version 17
VisualStudioVersion = 17.7.34009.444
MinimumVisualStudioVersion = 10.0.40219.1
Project("{FAE04EC0-301F-11D3-BF4B-00C04F79EFBC}") = "SofttekFinalProjectFrontend", "SofttekFinalProjectFrontend\SofttekFinalProjectFrontend.csproj", "{9B7BBD2F-72FD-47BE-A502-7BA2D9C73629}"
EndProject
Project("{9A19103F-16F7-4668-BE54-9A1E7A4F7556}") = "Data", "Data\Data.csproj", "{0B963922-7631-4D33-B249-D453F7D19031}"
EndProject
Global
	GlobalSection(SolutionConfigurationPlatforms) = preSolution
		Debug|Any CPU = Debug|Any CPU
		Release|Any CPU = Release|Any CPU
	EndGlobalSection
	GlobalSection(ProjectConfigurationPlatforms) = postSolution
		{9B7BBD2F-72FD-47BE-A502-7BA2D9C73629}.Debug|Any CPU.ActiveCfg = Debug|Any CPU
		{9B7BBD2F-72FD-47BE-A502-7BA2D9C73629}.Debug|Any CPU.Build.0 = Debug|Any CPU
		{9B7BBD2F-72FD-47BE-A502-7BA2D9C73629}.Release|Any CPU.ActiveCfg = Release|Any CPU
		{9B7BBD2F-72FD-47BE-A502-7BA2D9C73629}.Release|Any CPU.Build.0 = Release|Any CPU
		{0B963922-7631-4D33-B249-D453F7D19031}.Debug|Any CPU.ActiveCfg = Debug|Any CPU
		{0B963922-7631-4D33-B249-D453F7D19031}.Debug|Any CPU.Build.0 = Debug|Any CPU
		{0B963922-7631-4D33-B249-D453F7D19031}.Release|Any CPU.ActiveCfg = Release|Any CPU
		{0B963922-7631-4D33-B249-D453F7D19031}.Release|Any CPU.Build.0 = Release|Any CPU
	EndGlobalSection
	GlobalSection(SolutionProperties) = preSolution
		HideSolutionNode = FALSE
	EndGlobalSection
	GlobalSection(ExtensibilityGlobals) = postSolution
		SolutionGuid = {FADC99F6-820F-4E61-97A4-DEA2AA9CD02E}
	EndGlobalSection
EndGlobal
